
Microsoft Visual Studio Solution File, Format Version 12.00
# Visual Studio Version 17
VisualStudioVersion = 17.13.35931.197
MinimumVisualStudioVersion = 10.0.40219.1
Project("{FAE04EC0-301F-11D3-BF4B-00C04F79EFBC}") = "WebAPI", "WebAPI\WebAPI.csproj", "{D58C67FE-35FC-491C-A6F9-2C0F29A14D0F}"
EndProject
Project("{FAE04EC0-301F-11D3-BF4B-00C04F79EFBC}") = "Application", "Application\Application.csproj", "{5C38C59C-38F0-4BB9-9F9D-89730077DCAA}"
EndProject
Project("{FAE04EC0-301F-11D3-BF4B-00C04F79EFBC}") = "Persistence", "Persistence\Persistence.csproj", "{C9714210-9F4F-4A27-9A0E-CC3B4D484430}"
EndProject
Project("{FAE04EC0-301F-11D3-BF4B-00C04F79EFBC}") = "Domain", "Domain\Domain.csproj", "{53650957-A839-4D06-A60E-6C6FD9D4C09F}"
EndProject
Project("{FAE04EC0-301F-11D3-BF4B-00C04F79EFBC}") = "WebApp", "WebApp\WebApp.csproj", "{5036C8D3-D103-49FA-B6CB-D7CEDF8E8ADB}"
EndProject
Global
	GlobalSection(SolutionConfigurationPlatforms) = preSolution
		Debug|Any CPU = Debug|Any CPU
		Release|Any CPU = Release|Any CPU
	EndGlobalSection
	GlobalSection(ProjectConfigurationPlatforms) = postSolution
		{D58C67FE-35FC-491C-A6F9-2C0F29A14D0F}.Debug|Any CPU.ActiveCfg = Debug|Any CPU
		{D58C67FE-35FC-491C-A6F9-2C0F29A14D0F}.Debug|Any CPU.Build.0 = Debug|Any CPU
		{D58C67FE-35FC-491C-A6F9-2C0F29A14D0F}.Release|Any CPU.ActiveCfg = Release|Any CPU
		{D58C67FE-35FC-491C-A6F9-2C0F29A14D0F}.Release|Any CPU.Build.0 = Release|Any CPU
		{5C38C59C-38F0-4BB9-9F9D-89730077DCAA}.Debug|Any CPU.ActiveCfg = Debug|Any CPU
		{5C38C59C-38F0-4BB9-9F9D-89730077DCAA}.Debug|Any CPU.Build.0 = Debug|Any CPU
		{5C38C59C-38F0-4BB9-9F9D-89730077DCAA}.Release|Any CPU.ActiveCfg = Release|Any CPU
		{5C38C59C-38F0-4BB9-9F9D-89730077DCAA}.Release|Any CPU.Build.0 = Release|Any CPU
		{C9714210-9F4F-4A27-9A0E-CC3B4D484430}.Debug|Any CPU.ActiveCfg = Debug|Any CPU
		{C9714210-9F4F-4A27-9A0E-CC3B4D484430}.Debug|Any CPU.Build.0 = Debug|Any CPU
		{C9714210-9F4F-4A27-9A0E-CC3B4D484430}.Release|Any CPU.ActiveCfg = Release|Any CPU
		{C9714210-9F4F-4A27-9A0E-CC3B4D484430}.Release|Any CPU.Build.0 = Release|Any CPU
		{53650957-A839-4D06-A60E-6C6FD9D4C09F}.Debug|Any CPU.ActiveCfg = Debug|Any CPU
		{53650957-A839-4D06-A60E-6C6FD9D4C09F}.Debug|Any CPU.Build.0 = Debug|Any CPU
		{53650957-A839-4D06-A60E-6C6FD9D4C09F}.Release|Any CPU.ActiveCfg = Release|Any CPU
		{53650957-A839-4D06-A60E-6C6FD9D4C09F}.Release|Any CPU.Build.0 = Release|Any CPU
		{5036C8D3-D103-49FA-B6CB-D7CEDF8E8ADB}.Debug|Any CPU.ActiveCfg = Debug|Any CPU
		{5036C8D3-D103-49FA-B6CB-D7CEDF8E8ADB}.Debug|Any CPU.Build.0 = Debug|Any CPU
		{5036C8D3-D103-49FA-B6CB-D7CEDF8E8ADB}.Release|Any CPU.ActiveCfg = Release|Any CPU
		{5036C8D3-D103-49FA-B6CB-D7CEDF8E8ADB}.Release|Any CPU.Build.0 = Release|Any CPU
	EndGlobalSection
	GlobalSection(SolutionProperties) = preSolution
		HideSolutionNode = FALSE
	EndGlobalSection
	GlobalSection(ExtensibilityGlobals) = postSolution
		SolutionGuid = {F035810B-BFE2-42FF-8482-E358B5460B73}
	EndGlobalSection
EndGlobal
